
Microsoft Visual Studio Solution File, Format Version 12.00
# Visual Studio Version 16
VisualStudioVersion = 25.0.1703.8
MinimumVisualStudioVersion = 10.0.40219.1
Project("{FAE04EC0-301F-11D3-BF4B-00C04F79EFBC}") = "AssessmentBackendDeveloperXsis2023", "AssessmentBackendDeveloperXsis2023\AssessmentBackendDeveloperXsis2023.csproj", "{D68FFF15-CEDB-4C97-82F2-CC0B52C10349}"
EndProject
Global
	GlobalSection(SolutionConfigurationPlatforms) = preSolution
		Debug|Any CPU = Debug|Any CPU
		Release|Any CPU = Release|Any CPU
	EndGlobalSection
	GlobalSection(ProjectConfigurationPlatforms) = postSolution
		{D68FFF15-CEDB-4C97-82F2-CC0B52C10349}.Debug|Any CPU.ActiveCfg = Debug|Any CPU
		{D68FFF15-CEDB-4C97-82F2-CC0B52C10349}.Debug|Any CPU.Build.0 = Debug|Any CPU
		{D68FFF15-CEDB-4C97-82F2-CC0B52C10349}.Release|Any CPU.ActiveCfg = Release|Any CPU
		{D68FFF15-CEDB-4C97-82F2-CC0B52C10349}.Release|Any CPU.Build.0 = Release|Any CPU
	EndGlobalSection
	GlobalSection(SolutionProperties) = preSolution
		HideSolutionNode = FALSE
	EndGlobalSection
	GlobalSection(ExtensibilityGlobals) = postSolution
		SolutionGuid = {0172B932-BD4A-42D9-B264-616C266D4B64}
	EndGlobalSection
EndGlobal
